PODS:
  - DDKitSwift/core (3.1.0):
    - DDLoggerSwift (~> 5)
    - DDUtils/ui (~> 5)
    - DDUtils/utils (~> 5)
  - DDLoggerSwift (5.3.1):
    - DDLoggerSwift/core (= 5.3.1)
  - DDLoggerSwift/core (5.3.1):
    - DDUtils/ui (~> 5)
    - DDUtils/utils (~> 5)
  - DDPingTools (3.0.1):
    - DDPingTools/core (= 3.0.1)
  - DDPingTools/core (3.0.1)
  - DDUtils/core (5.0.13)
  - DDUtils/ui (5.0.13):
    - DDUtils/core
  - DDUtils/utils (5.0.13):
    - DDUtils/core

DEPENDENCIES:
  - DDKitSwift/core (~> 3)
  - DDPingTools (~> 3)

SPEC REPOS:
  trunk:
    - DDKitSwift
    - DDLoggerSwift
    - DDPingTools
    - DDUtils

SPEC CHECKSUMS:
  DDKitSwift: c8be710db5f53661855a531f8823df5c1013339e
  DDLoggerSwift: c7c8776b2e56c741ef3c3de8cfaa3eadb2fcf813
  DDPingTools: b08b9d3c0801f59754e43c56a14306ec0c0a33b4
  DDUtils: 9d1dab6514cbe6687348bde7ea0f6f2187b55222

PODFILE CHECKSUM: e9af80ca78af2d636fe46d5f7858c50df900692b

COCOAPODS: 1.16.2
