// !$*UTF8*$!
{
	archiveVersion = 1;
	classes = {
	};
	objectVersion = 56;
	objects = {

/* Begin PBXBuildFile section */
		E4C9616229ECF2C1004C336B /* AppDelegate.swift in Sources */ = {isa = PBXBuildFile; fileRef = E4C9616129ECF2C1004C336B /* AppDelegate.swift */; };
		E4C9616429ECF2C1004C336B /* SceneDelegate.swift in Sources */ = {isa = PBXBuildFile; fileRef = E4C9616329ECF2C1004C336B /* SceneDelegate.swift */; };
		E4C9616629ECF2C1004C336B /* ViewController.swift in Sources */ = {isa = PBXBuildFile; fileRef = E4C9616529ECF2C1004C336B /* ViewController.swift */; };
		E4C9616929ECF2C1004C336B /* Main.storyboard in Resources */ = {isa = PBXBuildFile; fileRef = E4C9616729ECF2C1004C336B /* Main.storyboard */; };
		E4C9616B29ECF2C3004C336B /* Assets.xcassets in Resources */ = {isa = PBXBuildFile; fileRef = E4C9616A29ECF2C3004C336B /* Assets.xcassets */; };
		E4C9616E29ECF2C3004C336B /* LaunchScreen.storyboard in Resources */ = {isa = PBXBuildFile; fileRef = E4C9616C29ECF2C3004C336B /* LaunchScreen.storyboard */; };
		E4C9617B29ECF5B4004C336B /* DDKitSwift_Ping.swift in Sources */ = {isa = PBXBuildFile; fileRef = E4C9617729ECF5B4004C336B /* DDKitSwift_Ping.swift */; };
		E4C9617C29ECF5B4004C336B /* HDPingTool.png in Resources */ = {isa = PBXBuildFile; fileRef = E4C9617A29ECF5B4004C336B /* HDPingTool.png */; };
		F3AA6E0B6DF1F748BF63DCBD /* Pods_DDKitSwift_Ping.framework in Frameworks */ = {isa = PBXBuildFile; fileRef = 41FF5A83215FC14FCCE6AD08 /* Pods_DDKitSwift_Ping.framework */; };
/* End PBXBuildFile section */

/* Begin PBXFileReference section */
		41FF5A83215FC14FCCE6AD08 /* Pods_DDKitSwift_Ping.framework */ = {isa = PBXFileReference; explicitFileType = wrapper.framework; includeInIndex = 0; path = Pods_DDKitSwift_Ping.framework; sourceTree = BUILT_PRODUCTS_DIR; };
		A3127160924553B349D81531 /* Pods-DDKitSwift_Ping.release.xcconfig */ = {isa = PBXFileReference; includeInIndex = 1; lastKnownFileType = text.xcconfig; name = "Pods-DDKitSwift_Ping.release.xcconfig"; path = "Target Support Files/Pods-DDKitSwift_Ping/Pods-DDKitSwift_Ping.release.xcconfig"; sourceTree = "<group>"; };
		A83963997955F4566A7B6773 /* Pods-ping-zxkit.debug.xcconfig */ = {isa = PBXFileReference; includeInIndex = 1; lastKnownFileType = text.xcconfig; name = "Pods-ping-zxkit.debug.xcconfig"; path = "Target Support Files/Pods-ping-zxkit/Pods-ping-zxkit.debug.xcconfig"; sourceTree = "<group>"; };
		C048AC4C3E3C3780F2B9A767 /* Pods-ping-zxkit.release.xcconfig */ = {isa = PBXFileReference; includeInIndex = 1; lastKnownFileType = text.xcconfig; name = "Pods-ping-zxkit.release.xcconfig"; path = "Target Support Files/Pods-ping-zxkit/Pods-ping-zxkit.release.xcconfig"; sourceTree = "<group>"; };
		D8571ACA0527DFFE0341D743 /* Pods-DDKitSwift_Ping.debug.xcconfig */ = {isa = PBXFileReference; includeInIndex = 1; lastKnownFileType = text.xcconfig; name = "Pods-DDKitSwift_Ping.debug.xcconfig"; path = "Target Support Files/Pods-DDKitSwift_Ping/Pods-DDKitSwift_Ping.debug.xcconfig"; sourceTree = "<group>"; };
		E4C9615E29ECF2C1004C336B /* DDKitSwift_Ping.app */ = {isa = PBXFileReference; explicitFileType = wrapper.application; includeInIndex = 0; path = DDKitSwift_Ping.app; sourceTree = BUILT_PRODUCTS_DIR; };
		E4C9616129ECF2C1004C336B /* AppDelegate.swift */ = {isa = PBXFileReference; lastKnownFileType = sourcecode.swift; path = AppDelegate.swift; sourceTree = "<group>"; };
		E4C9616329ECF2C1004C336B /* SceneDelegate.swift */ = {isa = PBXFileReference; lastKnownFileType = sourcecode.swift; path = SceneDelegate.swift; sourceTree = "<group>"; };
		E4C9616529ECF2C1004C336B /* ViewController.swift */ = {isa = PBXFileReference; lastKnownFileType = sourcecode.swift; path = ViewController.swift; sourceTree = "<group>"; };
		E4C9616829ECF2C1004C336B /* Base */ = {isa = PBXFileReference; lastKnownFileType = file.storyboard; name = Base; path = Base.lproj/Main.storyboard; sourceTree = "<group>"; };
		E4C9616A29ECF2C3004C336B /* Assets.xcassets */ = {isa = PBXFileReference; lastKnownFileType = folder.assetcatalog; path = Assets.xcassets; sourceTree = "<group>"; };
		E4C9616D29ECF2C3004C336B /* Base */ = {isa = PBXFileReference; lastKnownFileType = file.storyboard; name = Base; path = Base.lproj/LaunchScreen.storyboard; sourceTree = "<group>"; };
		E4C9616F29ECF2C3004C336B /* Info.plist */ = {isa = PBXFileReference; lastKnownFileType = text.plist.xml; path = Info.plist; sourceTree = "<group>"; };
		E4C9617729ECF5B4004C336B /* DDKitSwift_Ping.swift */ = {isa = PBXFileReference; fileEncoding = 4; lastKnownFileType = sourcecode.swift; path = DDKitSwift_Ping.swift; sourceTree = "<group>"; };
		E4C9617A29ECF5B4004C336B /* HDPingTool.png */ = {isa = PBXFileReference; lastKnownFileType = image.png; path = HDPingTool.png; sourceTree = "<group>"; };
/* End PBXFileReference section */

/* Begin PBXFrameworksBuildPhase section */
		E4C9615B29ECF2C1004C336B /* Frameworks */ = {
			isa = PBXFrameworksBuildPhase;
			buildActionMask = 2147483647;
			files = (
				F3AA6E0B6DF1F748BF63DCBD /* Pods_DDKitSwift_Ping.framework in Frameworks */,
			);
			runOnlyForDeploymentPostprocessing = 0;
		};
/* End PBXFrameworksBuildPhase section */

/* Begin PBXGroup section */
		0D5220B0760602F6BAD6E1ED /* Pods */ = {
			isa = PBXGroup;
			children = (
				A83963997955F4566A7B6773 /* Pods-ping-zxkit.debug.xcconfig */,
				C048AC4C3E3C3780F2B9A767 /* Pods-ping-zxkit.release.xcconfig */,
				D8571ACA0527DFFE0341D743 /* Pods-DDKitSwift_Ping.debug.xcconfig */,
				A3127160924553B349D81531 /* Pods-DDKitSwift_Ping.release.xcconfig */,
			);
			path = Pods;
			sourceTree = "<group>";
		};
		2C29A9A411CB1F308A190402 /* Frameworks */ = {
			isa = PBXGroup;
			children = (
				41FF5A83215FC14FCCE6AD08 /* Pods_DDKitSwift_Ping.framework */,
			);
			name = Frameworks;
			sourceTree = "<group>";
		};
		E4C9615529ECF2C1004C336B = {
			isa = PBXGroup;
			children = (
				E4C9616029ECF2C1004C336B /* DDKitSwift_Ping */,
				E4C9615F29ECF2C1004C336B /* Products */,
				0D5220B0760602F6BAD6E1ED /* Pods */,
				2C29A9A411CB1F308A190402 /* Frameworks */,
			);
			sourceTree = "<group>";
		};
		E4C9615F29ECF2C1004C336B /* Products */ = {
			isa = PBXGroup;
			children = (
				E4C9615E29ECF2C1004C336B /* DDKitSwift_Ping.app */,
			);
			name = Products;
			sourceTree = "<group>";
		};
		E4C9616029ECF2C1004C336B /* DDKitSwift_Ping */ = {
			isa = PBXGroup;
			children = (
				E4C9617529ECF5B4004C336B /* pod */,
				E4C9616129ECF2C1004C336B /* AppDelegate.swift */,
				E4C9616329ECF2C1004C336B /* SceneDelegate.swift */,
				E4C9616529ECF2C1004C336B /* ViewController.swift */,
				E4C9616729ECF2C1004C336B /* Main.storyboard */,
				E4C9616A29ECF2C3004C336B /* Assets.xcassets */,
				E4C9616C29ECF2C3004C336B /* LaunchScreen.storyboard */,
				E4C9616F29ECF2C3004C336B /* Info.plist */,
			);
			path = DDKitSwift_Ping;
			sourceTree = "<group>";
		};
		E4C9617529ECF5B4004C336B /* pod */ = {
			isa = PBXGroup;
			children = (
				E4C9617729ECF5B4004C336B /* DDKitSwift_Ping.swift */,
				E4C9617829ECF5B4004C336B /* assets */,
			);
			name = pod;
			path = ../../pod;
			sourceTree = "<group>";
		};
		E4C9617829ECF5B4004C336B /* assets */ = {
			isa = PBXGroup;
			children = (
				E4C9617929ECF5B4004C336B /* icon */,
			);
			path = assets;
			sourceTree = "<group>";
		};
		E4C9617929ECF5B4004C336B /* icon */ = {
			isa = PBXGroup;
			children = (
				E4C9617A29ECF5B4004C336B /* HDPingTool.png */,
			);
			path = icon;
			sourceTree = "<group>";
		};
/* End PBXGroup section */

/* Begin PBXNativeTarget section */
		E4C9615D29ECF2C1004C336B /* DDKitSwift_Ping */ = {
			isa = PBXNativeTarget;
			buildConfigurationList = E4C9617229ECF2C3004C336B /* Build configuration list for PBXNativeTarget "DDKitSwift_Ping" */;
			buildPhases = (
				69892DFAA4B73169C5318837 /* [CP] Check Pods Manifest.lock */,
				E4C9615A29ECF2C1004C336B /* Sources */,
				E4C9615B29ECF2C1004C336B /* Frameworks */,
				E4C9615C29ECF2C1004C336B /* Resources */,
				A52045C0C373F5F0EF07CFA9 /* [CP] Embed Pods Frameworks */,
			);
			buildRules = (
			);
			dependencies = (
			);
			name = DDKitSwift_Ping;
			productName = "ping-zxkit";
			productReference = E4C9615E29ECF2C1004C336B /* DDKitSwift_Ping.app */;
			productType = "com.apple.product-type.application";
		};
/* End PBXNativeTarget section */

/* Begin PBXProject section */
		E4C9615629ECF2C1004C336B /* Project object */ = {
			isa = PBXProject;
			attributes = {
				BuildIndependentTargetsInParallel = 1;
				LastSwiftUpdateCheck = 1430;
				LastUpgradeCheck = 1430;
				TargetAttributes = {
					E4C9615D29ECF2C1004C336B = {
						CreatedOnToolsVersion = 14.3;
					};
				};
			};
			buildConfigurationList = E4C9615929ECF2C1004C336B /* Build configuration list for PBXProject "DDKitSwift_Ping" */;
			compatibilityVersion = "Xcode 14.0";
			developmentRegion = en;
			hasScannedForEncodings = 0;
			knownRegions = (
				en,
				Base,
			);
			mainGroup = E4C9615529ECF2C1004C336B;
			productRefGroup = E4C9615F29ECF2C1004C336B /* Products */;
			projectDirPath = "";
			projectRoot = "";
			targets = (
				E4C9615D29ECF2C1004C336B /* DDKitSwift_Ping */,
			);
		};
/* End PBXProject section */

/* Begin PBXResourcesBuildPhase section */
		E4C9615C29ECF2C1004C336B /* Resources */ = {
			isa = PBXResourcesBuildPhase;
			buildActionMask = 2147483647;
			files = (
				E4C9616E29ECF2C3004C336B /* LaunchScreen.storyboard in Resources */,
				E4C9617C29ECF5B4004C336B /* HDPingTool.png in Resources */,
				E4C9616B29ECF2C3004C336B /* Assets.xcassets in Resources */,
				E4C9616929ECF2C1004C336B /* Main.storyboard in Resources */,
			);
			runOnlyForDeploymentPostprocessing = 0;
		};
/* End PBXResourcesBuildPhase section */

/* Begin PBXShellScriptBuildPhase section */
		69892DFAA4B73169C5318837 /* [CP] Check Pods Manifest.lock */ = {
			isa = PBXShellScriptBuildPhase;
			buildActionMask = 2147483647;
			files = (
			);
			inputFileListPaths = (
			);
			inputPaths = (
				"${PODS_PODFILE_DIR_PATH}/Podfile.lock",
				"${PODS_ROOT}/Manifest.lock",
			);
			name = "[CP] Check Pods Manifest.lock";
			outputFileListPaths = (
			);
			outputPaths = (
				"$(DERIVED_FILE_DIR)/Pods-DDKitSwift_Ping-checkManifestLockResult.txt",
			);
			runOnlyForDeploymentPostprocessing = 0;
			shellPath = /bin/sh;
			shellScript = "diff \"${PODS_PODFILE_DIR_PATH}/Podfile.lock\" \"${PODS_ROOT}/Manifest.lock\" > /dev/null\nif [ $? != 0 ] ; then\n    # print error to STDERR\n    echo \"error: The sandbox is not in sync with the Podfile.lock. Run 'pod install' or update your CocoaPods installation.\" >&2\n    exit 1\nfi\n# This output is used by Xcode 'outputs' to avoid re-running this script phase.\necho \"SUCCESS\" > \"${SCRIPT_OUTPUT_FILE_0}\"\n";
			showEnvVarsInLog = 0;
		};
		A52045C0C373F5F0EF07CFA9 /* [CP] Embed Pods Frameworks */ = {
			isa = PBXShellScriptBuildPhase;
			buildActionMask = 2147483647;
			files = (
			);
			inputFileListPaths = (
				"${PODS_ROOT}/Target Support Files/Pods-DDKitSwift_Ping/Pods-DDKitSwift_Ping-frameworks-${CONFIGURATION}-input-files.xcfilelist",
			);
			name = "[CP] Embed Pods Frameworks";
			outputFileListPaths = (
				"${PODS_ROOT}/Target Support Files/Pods-DDKitSwift_Ping/Pods-DDKitSwift_Ping-frameworks-${CONFIGURATION}-output-files.xcfilelist",
			);
			runOnlyForDeploymentPostprocessing = 0;
			shellPath = /bin/sh;
			shellScript = "\"${PODS_ROOT}/Target Support Files/Pods-DDKitSwift_Ping/Pods-DDKitSwift_Ping-frameworks.sh\"\n";
			showEnvVarsInLog = 0;
		};
/* End PBXShellScriptBuildPhase section */

/* Begin PBXSourcesBuildPhase section */
		E4C9615A29ECF2C1004C336B /* Sources */ = {
			isa = PBXSourcesBuildPhase;
			buildActionMask = 2147483647;
			files = (
				E4C9616629ECF2C1004C336B /* ViewController.swift in Sources */,
				E4C9616229ECF2C1004C336B /* AppDelegate.swift in Sources */,
				E4C9617B29ECF5B4004C336B /* DDKitSwift_Ping.swift in Sources */,
				E4C9616429ECF2C1004C336B /* SceneDelegate.swift in Sources */,
			);
			runOnlyForDeploymentPostprocessing = 0;
		};
/* End PBXSourcesBuildPhase section */

/* Begin PBXVariantGroup section */
		E4C9616729ECF2C1004C336B /* Main.storyboard */ = {
			isa = PBXVariantGroup;
			children = (
				E4C9616829ECF2C1004C336B /* Base */,
			);
			name = Main.storyboard;
			sourceTree = "<group>";
		};
		E4C9616C29ECF2C3004C336B /* LaunchScreen.storyboard */ = {
			isa = PBXVariantGroup;
			children = (
				E4C9616D29ECF2C3004C336B /* Base */,
			);
			name = LaunchScreen.storyboard;
			sourceTree = "<group>";
		};
/* End PBXVariantGroup section */

/* Begin XCBuildConfiguration section */
		E4C9617029ECF2C3004C336B /* Debug */ = {
			isa = XCBuildConfiguration;
			buildSettings = {
				ALWAYS_SEARCH_USER_PATHS = NO;
				CLANG_ANALYZER_NONNULL = YES;
				CLANG_ANALYZER_NUMBER_OBJECT_CONVERSION = YES_AGGRESSIVE;
				CLANG_CXX_LANGUAGE_STANDARD = "gnu++20";
				CLANG_ENABLE_MODULES = YES;
				CLANG_ENABLE_OBJC_ARC = YES;
				CLANG_ENABLE_OBJC_WEAK = YES;
				CLANG_WARN_BLOCK_CAPTURE_AUTORELEASING = YES;
				CLANG_WARN_BOOL_CONVERSION = YES;
				CLANG_WARN_COMMA = YES;
				CLANG_WARN_CONSTANT_CONVERSION = YES;
				CLANG_WARN_DEPRECATED_OBJC_IMPLEMENTATIONS = YES;
				CLANG_WARN_DIRECT_OBJC_ISA_USAGE = YES_ERROR;
				CLANG_WARN_DOCUMENTATION_COMMENTS = YES;
				CLANG_WARN_EMPTY_BODY = YES;
				CLANG_WARN_ENUM_CONVERSION = YES;
				CLANG_WARN_INFINITE_RECURSION = YES;
				CLANG_WARN_INT_CONVERSION = YES;
				CLANG_WARN_NON_LITERAL_NULL_CONVERSION = YES;
				CLANG_WARN_OBJC_IMPLICIT_RETAIN_SELF = YES;
				CLANG_WARN_OBJC_LITERAL_CONVERSION = YES;
				CLANG_WARN_OBJC_ROOT_CLASS = YES_ERROR;
				CLANG_WARN_QUOTED_INCLUDE_IN_FRAMEWORK_HEADER = YES;
				CLANG_WARN_RANGE_LOOP_ANALYSIS = YES;
				CLANG_WARN_STRICT_PROTOTYPES = YES;
				CLANG_WARN_SUSPICIOUS_MOVE = YES;
				CLANG_WARN_UNGUARDED_AVAILABILITY = YES_AGGRESSIVE;
				CLANG_WARN_UNREACHABLE_CODE = YES;
				CLANG_WARN__DUPLICATE_METHOD_MATCH = YES;
				COPY_PHASE_STRIP = NO;
				DEBUG_INFORMATION_FORMAT = dwarf;
				ENABLE_STRICT_OBJC_MSGSEND = YES;
				ENABLE_TESTABILITY = YES;
				GCC_C_LANGUAGE_STANDARD = gnu11;
				GCC_DYNAMIC_NO_PIC = NO;
				GCC_NO_COMMON_BLOCKS = YES;
				GCC_OPTIMIZATION_LEVEL = 0;
				GCC_PREPROCESSOR_DEFINITIONS = (
					"DEBUG=1",
					"$(inherited)",
				);
				GCC_WARN_64_TO_32_BIT_CONVERSION = YES;
				GCC_WARN_ABOUT_RETURN_TYPE = YES_ERROR;
				GCC_WARN_UNDECLARED_SELECTOR = YES;
				GCC_WARN_UNINITIALIZED_AUTOS = YES_AGGRESSIVE;
				GCC_WARN_UNUSED_FUNCTION = YES;
				GCC_WARN_UNUSED_VARIABLE = YES;
				IPHONEOS_DEPLOYMENT_TARGET = 16.4;
				MTL_ENABLE_DEBUG_INFO = INCLUDE_SOURCE;
				MTL_FAST_MATH = YES;
				ONLY_ACTIVE_ARCH = YES;
				SDKROOT = iphoneos;
				SWIFT_ACTIVE_COMPILATION_CONDITIONS = DEBUG;
				SWIFT_OPTIMIZATION_LEVEL = "-Onone";
			};
			name = Debug;
		};
		E4C9617129ECF2C3004C336B /* Release */ = {
			isa = XCBuildConfiguration;
			buildSettings = {
				ALWAYS_SEARCH_USER_PATHS = NO;
				CLANG_ANALYZER_NONNULL = YES;
				CLANG_ANALYZER_NUMBER_OBJECT_CONVERSION = YES_AGGRESSIVE;
				CLANG_CXX_LANGUAGE_STANDARD = "gnu++20";
				CLANG_ENABLE_MODULES = YES;
				CLANG_ENABLE_OBJC_ARC = YES;
				CLANG_ENABLE_OBJC_WEAK = YES;
				CLANG_WARN_BLOCK_CAPTURE_AUTORELEASING = YES;
				CLANG_WARN_BOOL_CONVERSION = YES;
				CLANG_WARN_COMMA = YES;
				CLANG_WARN_CONSTANT_CONVERSION = YES;
				CLANG_WARN_DEPRECATED_OBJC_IMPLEMENTATIONS = YES;
				CLANG_WARN_DIRECT_OBJC_ISA_USAGE = YES_ERROR;
				CLANG_WARN_DOCUMENTATION_COMMENTS = YES;
				CLANG_WARN_EMPTY_BODY = YES;
				CLANG_WARN_ENUM_CONVERSION = YES;
				CLANG_WARN_INFINITE_RECURSION = YES;
				CLANG_WARN_INT_CONVERSION = YES;
				CLANG_WARN_NON_LITERAL_NULL_CONVERSION = YES;
				CLANG_WARN_OBJC_IMPLICIT_RETAIN_SELF = YES;
				CLANG_WARN_OBJC_LITERAL_CONVERSION = YES;
				CLANG_WARN_OBJC_ROOT_CLASS = YES_ERROR;
				CLANG_WARN_QUOTED_INCLUDE_IN_FRAMEWORK_HEADER = YES;
				CLANG_WARN_RANGE_LOOP_ANALYSIS = YES;
				CLANG_WARN_STRICT_PROTOTYPES = YES;
				CLANG_WARN_SUSPICIOUS_MOVE = YES;
				CLANG_WARN_UNGUARDED_AVAILABILITY = YES_AGGRESSIVE;
				CLANG_WARN_UNREACHABLE_CODE = YES;
				CLANG_WARN__DUPLICATE_METHOD_MATCH = YES;
				COPY_PHASE_STRIP = NO;
				DEBUG_INFORMATION_FORMAT = "dwarf-with-dsym";
				ENABLE_NS_ASSERTIONS = NO;
				ENABLE_STRICT_OBJC_MSGSEND = YES;
				GCC_C_LANGUAGE_STANDARD = gnu11;
				GCC_NO_COMMON_BLOCKS = YES;
				GCC_WARN_64_TO_32_BIT_CONVERSION = YES;
				GCC_WARN_ABOUT_RETURN_TYPE = YES_ERROR;
				GCC_WARN_UNDECLARED_SELECTOR = YES;
				GCC_WARN_UNINITIALIZED_AUTOS = YES_AGGRESSIVE;
				GCC_WARN_UNUSED_FUNCTION = YES;
				GCC_WARN_UNUSED_VARIABLE = YES;
				IPHONEOS_DEPLOYMENT_TARGET = 16.4;
				MTL_ENABLE_DEBUG_INFO = NO;
				MTL_FAST_MATH = YES;
				SDKROOT = iphoneos;
				SWIFT_COMPILATION_MODE = wholemodule;
				SWIFT_OPTIMIZATION_LEVEL = "-O";
				VALIDATE_PRODUCT = YES;
			};
			name = Release;
		};
		E4C9617329ECF2C3004C336B /* Debug */ = {
			isa = XCBuildConfiguration;
			baseConfigurationReference = D8571ACA0527DFFE0341D743 /* Pods-DDKitSwift_Ping.debug.xcconfig */;
			buildSettings = {
				ASSETCATALOG_COMPILER_APPICON_NAME = AppIcon;
				ASSETCATALOG_COMPILER_GLOBAL_ACCENT_COLOR_NAME = AccentColor;
				CODE_SIGN_STYLE = Automatic;
				CURRENT_PROJECT_VERSION = 1;
				GENERATE_INFOPLIST_FILE = YES;
				INFOPLIST_FILE = DDKitSwift_Ping/Info.plist;
				INFOPLIST_KEY_UIApplicationSupportsIndirectInputEvents = YES;
				INFOPLIST_KEY_UILaunchStoryboardName = LaunchScreen;
				INFOPLIST_KEY_UIMainStoryboardFile = Main;
				INFOPLIST_KEY_UISupportedInterfaceOrientations_iPad = "UIInterfaceOrientationPortrait UIInterfaceOrientationPortraitUpsideDown UIInterfaceOrientationLandscapeLeft UIInterfaceOrientationLandscapeRight";
				INFOPLIST_KEY_UISupportedInterfaceOrientations_iPhone = "UIInterfaceOrientationPortrait UIInterfaceOrientationLandscapeLeft UIInterfaceOrientationLandscapeRight";
				LD_RUNPATH_SEARCH_PATHS = (
					"$(inherited)",
					"@executable_path/Frameworks",
				);
				MARKETING_VERSION = 1.0;
				PRODUCT_BUNDLE_IDENTIFIER = "ZXKitCore.ping-zxkit";
				PRODUCT_NAME = "$(TARGET_NAME)";
				SWIFT_EMIT_LOC_STRINGS = YES;
				SWIFT_VERSION = 5.0;
				TARGETED_DEVICE_FAMILY = "1,2";
			};
			name = Debug;
		};
		E4C9617429ECF2C3004C336B /* Release */ = {
			isa = XCBuildConfiguration;
			baseConfigurationReference = A3127160924553B349D81531 /* Pods-DDKitSwift_Ping.release.xcconfig */;
			buildSettings = {
				ASSETCATALOG_COMPILER_APPICON_NAME = AppIcon;
				ASSETCATALOG_COMPILER_GLOBAL_ACCENT_COLOR_NAME = AccentColor;
				CODE_SIGN_STYLE = Automatic;
				CURRENT_PROJECT_VERSION = 1;
				GENERATE_INFOPLIST_FILE = YES;
				INFOPLIST_FILE = DDKitSwift_Ping/Info.plist;
				INFOPLIST_KEY_UIApplicationSupportsIndirectInputEvents = YES;
				INFOPLIST_KEY_UILaunchStoryboardName = LaunchScreen;
				INFOPLIST_KEY_UIMainStoryboardFile = Main;
				INFOPLIST_KEY_UISupportedInterfaceOrientations_iPad = "UIInterfaceOrientationPortrait UIInterfaceOrientationPortraitUpsideDown UIInterfaceOrientationLandscapeLeft UIInterfaceOrientationLandscapeRight";
				INFOPLIST_KEY_UISupportedInterfaceOrientations_iPhone = "UIInterfaceOrientationPortrait UIInterfaceOrientationLandscapeLeft UIInterfaceOrientationLandscapeRight";
				LD_RUNPATH_SEARCH_PATHS = (
					"$(inherited)",
					"@executable_path/Frameworks",
				);
				MARKETING_VERSION = 1.0;
				PRODUCT_BUNDLE_IDENTIFIER = "ZXKitCore.ping-zxkit";
				PRODUCT_NAME = "$(TARGET_NAME)";
				SWIFT_EMIT_LOC_STRINGS = YES;
				SWIFT_VERSION = 5.0;
				TARGETED_DEVICE_FAMILY = "1,2";
			};
			name = Release;
		};
/* End XCBuildConfiguration section */

/* Begin XCConfigurationList section */
		E4C9615929ECF2C1004C336B /* Build configuration list for PBXProject "DDKitSwift_Ping" */ = {
			isa = XCConfigurationList;
			buildConfigurations = (
				E4C9617029ECF2C3004C336B /* Debug */,
				E4C9617129ECF2C3004C336B /* Release */,
			);
			defaultConfigurationIsVisible = 0;
			defaultConfigurationName = Release;
		};
		E4C9617229ECF2C3004C336B /* Build configuration list for PBXNativeTarget "DDKitSwift_Ping" */ = {
			isa = XCConfigurationList;
			buildConfigurations = (
				E4C9617329ECF2C3004C336B /* Debug */,
				E4C9617429ECF2C3004C336B /* Release */,
			);
			defaultConfigurationIsVisible = 0;
			defaultConfigurationName = Release;
		};
/* End XCConfigurationList section */
	};
	rootObject = E4C9615629ECF2C1004C336B /* Project object */;
}
